<?xml version="1.0" encoding="utf-8"?>
<Project ToolsVersion="4.0" xmlns="http://schemas.microsoft.com/developer/msbuild/2003">
  <ItemGroup>
    <Filter Include="Resource Files">
      <UniqueIdentifier>{67DA6AB6-F800-4c08-8B7A-83BB121AAD01}</UniqueIdentifier>
      <Extensions>rc;ico;cur;bmp;dlg;rc2;rct;bin;rgs;gif;jpg;jpeg;jpe;resx;tiff;tif;png;wav;mfcribbon-ms</Extensions>
    </Filter>
  </ItemGroup>
  <ItemGroup>
    <ClCompile Include="..\..\..\..\..\Documents\GitHub\Project_OOP\Game.cpp" />
    <ClCompile Include="..\..\..\..\..\Documents\GitHub\Project_OOP\GoodSquare.cpp" />
    <ClCompile Include="..\..\..\..\..\Documents\GitHub\Project_OOP\main.cpp" />
    <ClCompile Include="..\..\..\..\..\Documents\GitHub\Project_OOP\Obstacle.cpp" />
    <ClCompile Include="..\..\..\..\..\Documents\GitHub\Project_OOP\Player.cpp" />
    <ClCompile Include="..\..\..\..\..\Documents\GitHub\Project_OOP\Square.cpp" />
    <ClCompile Include="..\..\..\..\..\Documents\GitHub\Project_OOP\Token.cpp" />
  </ItemGroup>
  <ItemGroup>
    <ClInclude Include="..\..\..\..\..\Documents\GitHub\Project_OOP\Game.h" />
    <ClInclude Include="..\..\..\..\..\Documents\GitHub\Project_OOP\GoodSquare.h" />
    <ClInclude Include="..\..\..\..\..\Documents\GitHub\Project_OOP\Obstacle.h" />
    <ClInclude Include="..\..\..\..\..\Documents\GitHub\Project_OOP\Player.h" />
    <ClInclude Include="..\..\..\..\..\Documents\GitHub\Project_OOP\Square.h" />
    <ClInclude Include="..\..\..\..\..\Documents\GitHub\Project_OOP\Token.h" />
  </ItemGroup>
</Project>